// !$*UTF8*$!
{
	archiveVersion = 1;
	classes = {
	};
	objectVersion = 46;
	objects = {

/* Begin PBXBuildFile section */
		661654DB19AE1BD500C4CC47 /* Foundation.framework in Frameworks */ = {isa = PBXBuildFile; fileRef = 661654DA19AE1BD500C4CC47 /* Foundation.framework */; };
		661654DD19AE1BD500C4CC47 /* CoreGraphics.framework in Frameworks */ = {isa = PBXBuildFile; fileRef = 661654DC19AE1BD500C4CC47 /* CoreGraphics.framework */; };
		661654DF19AE1BD500C4CC47 /* UIKit.framework in Frameworks */ = {isa = PBXBuildFile; fileRef = 661654DE19AE1BD500C4CC47 /* UIKit.framework */; };
		661654E519AE1BD500C4CC47 /* InfoPlist.strings in Resources */ = {isa = PBXBuildFile; fileRef = 661654E319AE1BD500C4CC47 /* InfoPlist.strings */; };
		661654E719AE1BD500C4CC47 /* main.m in Sources */ = {isa = PBXBuildFile; fileRef = 661654E619AE1BD500C4CC47 /* main.m */; };
		661654EB19AE1BD500C4CC47 /* AppDelegate.m in Sources */ = {isa = PBXBuildFile; fileRef = 661654EA19AE1BD500C4CC47 /* AppDelegate.m */; };
		661654EE19AE1BD500C4CC47 /* Main.storyboard in Resources */ = {isa = PBXBuildFile; fileRef = 661654EC19AE1BD500C4CC47 /* Main.storyboard */; };
		661654F119AE1BD500C4CC47 /* MasterViewController.m in Sources */ = {isa = PBXBuildFile; fileRef = 661654F019AE1BD500C4CC47 /* MasterViewController.m */; };
		661654F419AE1BD500C4CC47 /* DetailViewController.m in Sources */ = {isa = PBXBuildFile; fileRef = 661654F319AE1BD500C4CC47 /* DetailViewController.m */; };
		661654F619AE1BD500C4CC47 /* Images.xcassets in Resources */ = {isa = PBXBuildFile; fileRef = 661654F519AE1BD500C4CC47 /* Images.xcassets */; };
		661654FD19AE1BD500C4CC47 /* XCTest.framework in Frameworks */ = {isa = PBXBuildFile; fileRef = 661654FC19AE1BD500C4CC47 /* XCTest.framework */; };
		661654FE19AE1BD500C4CC47 /* Foundation.framework in Frameworks */ = {isa = PBXBuildFile; fileRef = 661654DA19AE1BD500C4CC47 /* Foundation.framework */; };
		661654FF19AE1BD500C4CC47 /* UIKit.framework in Frameworks */ = {isa = PBXBuildFile; fileRef = 661654DE19AE1BD500C4CC47 /* UIKit.framework */; };
		6616550719AE1BD500C4CC47 /* InfoPlist.strings in Resources */ = {isa = PBXBuildFile; fileRef = 6616550519AE1BD500C4CC47 /* InfoPlist.strings */; };
		6616550919AE1BD500C4CC47 /* SuburbanWeatherTests.m in Sources */ = {isa = PBXBuildFile; fileRef = 6616550819AE1BD500C4CC47 /* SuburbanWeatherTests.m */; };
/* End PBXBuildFile section */

/* Begin PBXContainerItemProxy section */
		6616550019AE1BD500C4CC47 /* PBXContainerItemProxy */ = {
			isa = PBXContainerItemProxy;
			containerPortal = 661654CF19AE1BD500C4CC47 /* Project object */;
			proxyType = 1;
			remoteGlobalIDString = 661654D619AE1BD500C4CC47;
			remoteInfo = SuburbanWeather;
		};
/* End PBXContainerItemProxy section */

/* Begin PBXFileReference section */
		661654D719AE1BD500C4CC47 /* SuburbanWeather.app */ = {isa = PBXFileReference; explicitFileType = wrapper.application; includeInIndex = 0; path = SuburbanWeather.app; sourceTree = BUILT_PRODUCTS_DIR; };
		661654DA19AE1BD500C4CC47 /* Foundation.framework */ = {isa = PBXFileReference; lastKnownFileType = wrapper.framework; name = Foundation.framework; path = System/Library/Frameworks/Foundation.framework; sourceTree = SDKROOT; };
		661654DC19AE1BD500C4CC47 /* CoreGraphics.framework */ = {isa = PBXFileReference; lastKnownFileType = wrapper.framework; name = CoreGraphics.framework; path = System/Library/Frameworks/CoreGraphics.framework; sourceTree = SDKROOT; };
		661654DE19AE1BD500C4CC47 /* UIKit.framework */ = {isa = PBXFileReference; lastKnownFileType = wrapper.framework; name = UIKit.framework; path = System/Library/Frameworks/UIKit.framework; sourceTree = SDKROOT; };
		661654E219AE1BD500C4CC47 /* SuburbanWeather-Info.plist */ = {isa = PBXFileReference; lastKnownFileType = text.plist.xml; path = "SuburbanWeather-Info.plist"; sourceTree = "<group>"; };
		661654E419AE1BD500C4CC47 /* en */ = {isa = PBXFileReference; lastKnownFileType = text.plist.strings; name = en; path = en.lproj/InfoPlist.strings; sourceTree = "<group>"; };
		661654E619AE1BD500C4CC47 /* main.m */ = {isa = PBXFileReference; lastKnownFileType = sourcecode.c.objc; path = main.m; sourceTree = "<group>"; };
		661654E819AE1BD500C4CC47 /* SuburbanWeather-Prefix.pch */ = {isa = PBXFileReference; lastKnownFileType = sourcecode.c.h; path = "SuburbanWeather-Prefix.pch"; sourceTree = "<group>"; };
		661654E919AE1BD500C4CC47 /* AppDelegate.h */ = {isa = PBXFileReference; lastKnownFileType = sourcecode.c.h; path = AppDelegate.h; sourceTree = "<group>"; };
		661654EA19AE1BD500C4CC47 /* AppDelegate.m */ = {isa = PBXFileReference; lastKnownFileType = sourcecode.c.objc; path = AppDelegate.m; sourceTree = "<group>"; };
		661654ED19AE1BD500C4CC47 /* Base */ = {isa = PBXFileReference; lastKnownFileType = file.storyboard; name = Base; path = Base.lproj/Main.storyboard; sourceTree = "<group>"; };
		661654EF19AE1BD500C4CC47 /* MasterViewController.h */ = {isa = PBXFileReference; lastKnownFileType = sourcecode.c.h; path = MasterViewController.h; sourceTree = "<group>"; };
		661654F019AE1BD500C4CC47 /* MasterViewController.m */ = {isa = PBXFileReference; lastKnownFileType = sourcecode.c.objc; path = MasterViewController.m; sourceTree = "<group>"; };
		661654F219AE1BD500C4CC47 /* DetailViewController.h */ = {isa = PBXFileReference; lastKnownFileType = sourcecode.c.h; path = DetailViewController.h; sourceTree = "<group>"; };
		661654F319AE1BD500C4CC47 /* DetailViewController.m */ = {isa = PBXFileReference; lastKnownFileType = sourcecode.c.objc; path = DetailViewController.m; sourceTree = "<group>"; };
		661654F519AE1BD500C4CC47 /* Images.xcassets */ = {isa = PBXFileReference; lastKnownFileType = folder.assetcatalog; path = Images.xcassets; sourceTree = "<group>"; };
		661654FB19AE1BD500C4CC47 /* SuburbanWeatherTests.xctest */ = {isa = PBXFileReference; explicitFileType = wrapper.cfbundle; includeInIndex = 0; path = SuburbanWeatherTests.xctest; sourceTree = BUILT_PRODUCTS_DIR; };
		661654FC19AE1BD500C4CC47 /* XCTest.framework */ = {isa = PBXFileReference; lastKnownFileType = wrapper.framework; name = XCTest.framework; path = Library/Frameworks/XCTest.framework; sourceTree = DEVELOPER_DIR; };
		6616550419AE1BD500C4CC47 /* SuburbanWeatherTests-Info.plist */ = {isa = PBXFileReference; lastKnownFileType = text.plist.xml; path = "SuburbanWeatherTests-Info.plist"; sourceTree = "<group>"; };
		6616550619AE1BD500C4CC47 /* en */ = {isa = PBXFileReference; lastKnownFileType = text.plist.strings; name = en; path = en.lproj/InfoPlist.strings; sourceTree = "<group>"; };
		6616550819AE1BD500C4CC47 /* SuburbanWeatherTests.m */ = {isa = PBXFileReference; lastKnownFileType = sourcecode.c.objc; path = SuburbanWeatherTests.m; sourceTree = "<group>"; };
/* End PBXFileReference section */

/* Begin PBXFrameworksBuildPhase section */
		661654D419AE1BD500C4CC47 /* Frameworks */ = {
			isa = PBXFrameworksBuildPhase;
			buildActionMask = 2147483647;
			files = (
				661654DD19AE1BD500C4CC47 /* CoreGraphics.framework in Frameworks */,
				661654DF19AE1BD500C4CC47 /* UIKit.framework in Frameworks */,
				661654DB19AE1BD500C4CC47 /* Foundation.framework in Frameworks */,
			);
			runOnlyForDeploymentPostprocessing = 0;
		};
		661654F819AE1BD500C4CC47 /* Frameworks */ = {
			isa = PBXFrameworksBuildPhase;
			buildActionMask = 2147483647;
			files = (
				661654FD19AE1BD500C4CC47 /* XCTest.framework in Frameworks */,
				661654FF19AE1BD500C4CC47 /* UIKit.framework in Frameworks */,
				661654FE19AE1BD500C4CC47 /* Foundation.framework in Frameworks */,
			);
			runOnlyForDeploymentPostprocessing = 0;
		};
/* End PBXFrameworksBuildPhase section */

/* Begin PBXGroup section */
		661654CE19AE1BD500C4CC47 = {
			isa = PBXGroup;
			children = (
				661654E019AE1BD500C4CC47 /* SuburbanWeather */,
				6616550219AE1BD500C4CC47 /* SuburbanWeatherTests */,
				661654D919AE1BD500C4CC47 /* Frameworks */,
				661654D819AE1BD500C4CC47 /* Products */,
			);
			sourceTree = "<group>";
		};
		661654D819AE1BD500C4CC47 /* Products */ = {
			isa = PBXGroup;
			children = (
				661654D719AE1BD500C4CC47 /* SuburbanWeather.app */,
				661654FB19AE1BD500C4CC47 /* SuburbanWeatherTests.xctest */,
			);
			name = Products;
			sourceTree = "<group>";
		};
		661654D919AE1BD500C4CC47 /* Frameworks */ = {
			isa = PBXGroup;
			children = (
				661654DA19AE1BD500C4CC47 /* Foundation.framework */,
				661654DC19AE1BD500C4CC47 /* CoreGraphics.framework */,
				661654DE19AE1BD500C4CC47 /* UIKit.framework */,
				661654FC19AE1BD500C4CC47 /* XCTest.framework */,
			);
			name = Frameworks;
			sourceTree = "<group>";
		};
		661654E019AE1BD500C4CC47 /* SuburbanWeather */ = {
			isa = PBXGroup;
			children = (
				661654E919AE1BD500C4CC47 /* AppDelegate.h */,
				661654EA19AE1BD500C4CC47 /* AppDelegate.m */,
				661654EC19AE1BD500C4CC47 /* Main.storyboard */,
				661654EF19AE1BD500C4CC47 /* MasterViewController.h */,
				661654F019AE1BD500C4CC47 /* MasterViewController.m */,
				661654F219AE1BD500C4CC47 /* DetailViewController.h */,
				661654F319AE1BD500C4CC47 /* DetailViewController.m */,
				661654F519AE1BD500C4CC47 /* Images.xcassets */,
				661654E119AE1BD500C4CC47 /* Supporting Files */,
			);
			path = SuburbanWeather;
			sourceTree = "<group>";
		};
		661654E119AE1BD500C4CC47 /* Supporting Files */ = {
			isa = PBXGroup;
			children = (
				661654E219AE1BD500C4CC47 /* SuburbanWeather-Info.plist */,
				661654E319AE1BD500C4CC47 /* InfoPlist.strings */,
				661654E619AE1BD500C4CC47 /* main.m */,
				661654E819AE1BD500C4CC47 /* SuburbanWeather-Prefix.pch */,
			);
			name = "Supporting Files";
			sourceTree = "<group>";
		};
		6616550219AE1BD500C4CC47 /* SuburbanWeatherTests */ = {
			isa = PBXGroup;
			children = (
				6616550819AE1BD500C4CC47 /* SuburbanWeatherTests.m */,
				6616550319AE1BD500C4CC47 /* Supporting Files */,
			);
			path = SuburbanWeatherTests;
			sourceTree = "<group>";
		};
		6616550319AE1BD500C4CC47 /* Supporting Files */ = {
			isa = PBXGroup;
			children = (
				6616550419AE1BD500C4CC47 /* SuburbanWeatherTests-Info.plist */,
				6616550519AE1BD500C4CC47 /* InfoPlist.strings */,
			);
			name = "Supporting Files";
			sourceTree = "<group>";
		};
/* End PBXGroup section */

/* Begin PBXNativeTarget section */
		661654D619AE1BD500C4CC47 /* SuburbanWeather */ = {
			isa = PBXNativeTarget;
			buildConfigurationList = 6616550C19AE1BD500C4CC47 /* Build configuration list for PBXNativeTarget "SuburbanWeather" */;
			buildPhases = (
				661654D319AE1BD500C4CC47 /* Sources */,
				661654D419AE1BD500C4CC47 /* Frameworks */,
				661654D519AE1BD500C4CC47 /* Resources */,
			);
			buildRules = (
			);
			dependencies = (
			);
			name = SuburbanWeather;
			productName = SuburbanWeather;
			productReference = 661654D719AE1BD500C4CC47 /* SuburbanWeather.app */;
			productType = "com.apple.product-type.application";
		};
		661654FA19AE1BD500C4CC47 /* SuburbanWeatherTests */ = {
			isa = PBXNativeTarget;
			buildConfigurationList = 6616550F19AE1BD500C4CC47 /* Build configuration list for PBXNativeTarget "SuburbanWeatherTests" */;
			buildPhases = (
				661654F719AE1BD500C4CC47 /* Sources */,
				661654F819AE1BD500C4CC47 /* Frameworks */,
				661654F919AE1BD500C4CC47 /* Resources */,
			);
			buildRules = (
			);
			dependencies = (
				6616550119AE1BD500C4CC47 /* PBXTargetDependency */,
			);
			name = SuburbanWeatherTests;
			productName = SuburbanWeatherTests;
			productReference = 661654FB19AE1BD500C4CC47 /* SuburbanWeatherTests.xctest */;
			productType = "com.apple.product-type.bundle.unit-test";
		};
/* End PBXNativeTarget section */

/* Begin PBXProject section */
		661654CF19AE1BD500C4CC47 /* Project object */ = {
			isa = PBXProject;
			attributes = {
				LastUpgradeCheck = 0510;
				ORGANIZATIONNAME = "Andyy Hope";
				TargetAttributes = {
					661654FA19AE1BD500C4CC47 = {
						TestTargetID = 661654D619AE1BD500C4CC47;
					};
				};
			};
			buildConfigurationList = 661654D219AE1BD500C4CC47 /* Build configuration list for PBXProject "SuburbanWeather" */;
			compatibilityVersion = "Xcode 3.2";
			developmentRegion = English;
			hasScannedForEncodings = 0;
			knownRegions = (
				en,
				Base,
			);
			mainGroup = 661654CE19AE1BD500C4CC47;
			productRefGroup = 661654D819AE1BD500C4CC47 /* Products */;
			projectDirPath = "";
			projectRoot = "";
			targets = (
				661654D619AE1BD500C4CC47 /* SuburbanWeather */,
				661654FA19AE1BD500C4CC47 /* SuburbanWeatherTests */,
			);
		};
/* End PBXProject section */

/* Begin PBXResourcesBuildPhase section */
		661654D519AE1BD500C4CC47 /* Resources */ = {
			isa = PBXResourcesBuildPhase;
			buildActionMask = 2147483647;
			files = (
				661654F619AE1BD500C4CC47 /* Images.xcassets in Resources */,
				661654E519AE1BD500C4CC47 /* InfoPlist.strings in Resources */,
				661654EE19AE1BD500C4CC47 /* Main.storyboard in Resources */,
			);
			runOnlyForDeploymentPostprocessing = 0;
		};
		661654F919AE1BD500C4CC47 /* Resources */ = {
			isa = PBXResourcesBuildPhase;
			buildActionMask = 2147483647;
			files = (
				6616550719AE1BD500C4CC47 /* InfoPlist.strings in Resources */,
			);
			runOnlyForDeploymentPostprocessing = 0;
		};
/* End PBXResourcesBuildPhase section */

/* Begin PBXSourcesBuildPhase section */
		661654D319AE1BD500C4CC47 /* Sources */ = {
			isa = PBXSourcesBuildPhase;
			buildActionMask = 2147483647;
			files = (
				661654EB19AE1BD500C4CC47 /* AppDelegate.m in Sources */,
				661654F119AE1BD500C4CC47 /* MasterViewController.m in Sources */,
				661654E719AE1BD500C4CC47 /* main.m in Sources */,
				661654F419AE1BD500C4CC47 /* DetailViewController.m in Sources */,
			);
			runOnlyForDeploymentPostprocessing = 0;
		};
		661654F719AE1BD500C4CC47 /* Sources */ = {
			isa = PBXSourcesBuildPhase;
			buildActionMask = 2147483647;
			files = (
				6616550919AE1BD500C4CC47 /* SuburbanWeatherTests.m in Sources */,
			);
			runOnlyForDeploymentPostprocessing = 0;
		};
/* End PBXSourcesBuildPhase section */

/* Begin PBXTargetDependency section */
		6616550119AE1BD500C4CC47 /* PBXTargetDependency */ = {
			isa = PBXTargetDependency;
			target = 661654D619AE1BD500C4CC47 /* SuburbanWeather */;
			targetProxy = 6616550019AE1BD500C4CC47 /* PBXContainerItemProxy */;
		};
/* End PBXTargetDependency section */

/* Begin PBXVariantGroup section */
		661654E319AE1BD500C4CC47 /* InfoPlist.strings */ = {
			isa = PBXVariantGroup;
			children = (
				661654E419AE1BD500C4CC47 /* en */,
			);
			name = InfoPlist.strings;
			sourceTree = "<group>";
		};
		661654EC19AE1BD500C4CC47 /* Main.storyboard */ = {
			isa = PBXVariantGroup;
			children = (
				661654ED19AE1BD500C4CC47 /* Base */,
			);
			name = Main.storyboard;
			sourceTree = "<group>";
		};
		6616550519AE1BD500C4CC47 /* InfoPlist.strings */ = {
			isa = PBXVariantGroup;
			children = (
				6616550619AE1BD500C4CC47 /* en */,
			);
			name = InfoPlist.strings;
			sourceTree = "<group>";
		};
/* End PBXVariantGroup section */

/* Begin XCBuildConfiguration section */
		6616550A19AE1BD500C4CC47 /* Debug */ = {
			isa = XCBuildConfiguration;
			buildSettings = {
				ALWAYS_SEARCH_USER_PATHS = NO;
				CLANG_CXX_LANGUAGE_STANDARD = "gnu++0x";
				CLANG_CXX_LIBRARY = "libc++";
				CLANG_ENABLE_MODULES = YES;
				CLANG_ENABLE_OBJC_ARC = YES;
				CLANG_WARN_BOOL_CONVERSION = YES;
				CLANG_WARN_CONSTANT_CONVERSION = YES;
				CLANG_WARN_DIRECT_OBJC_ISA_USAGE = YES_ERROR;
				CLANG_WARN_EMPTY_BODY = YES;
				CLANG_WARN_ENUM_CONVERSION = YES;
				CLANG_WARN_INT_CONVERSION = YES;
				CLANG_WARN_OBJC_ROOT_CLASS = YES_ERROR;
				CLANG_WARN__DUPLICATE_METHOD_MATCH = YES;
				"CODE_SIGN_IDENTITY[sdk=iphoneos*]" = "iPhone Developer";
				COPY_PHASE_STRIP = NO;
				GCC_C_LANGUAGE_STANDARD = gnu99;
				GCC_DYNAMIC_NO_PIC = NO;
				GCC_OPTIMIZATION_LEVEL = 0;
				GCC_PREPROCESSOR_DEFINITIONS = (
					"DEBUG=1",
					"$(inherited)",
				);
				GCC_SYMBOLS_PRIVATE_EXTERN = NO;
				GCC_WARN_64_TO_32_BIT_CONVERSION = YES;
				GCC_WARN_ABOUT_RETURN_TYPE = YES_ERROR;
				GCC_WARN_UNDECLARED_SELECTOR = YES;
				GCC_WARN_UNINITIALIZED_AUTOS = YES_AGGRESSIVE;
				GCC_WARN_UNUSED_FUNCTION = YES;
				GCC_WARN_UNUSED_VARIABLE = YES;
				IPHONEOS_DEPLOYMENT_TARGET = 7.1;
				ONLY_ACTIVE_ARCH = YES;
				SDKROOT = iphoneos;
			};
			name = Debug;
		};
		6616550B19AE1BD500C4CC47 /* Release */ = {
			isa = XCBuildConfiguration;
			buildSettings = {
				ALWAYS_SEARCH_USER_PATHS = NO;
				CLANG_CXX_LANGUAGE_STANDARD = "gnu++0x";
				CLANG_CXX_LIBRARY = "libc++";
				CLANG_ENABLE_MODULES = YES;
				CLANG_ENABLE_OBJC_ARC = YES;
				CLANG_WARN_BOOL_CONVERSION = YES;
				CLANG_WARN_CONSTANT_CONVERSION = YES;
				CLANG_WARN_DIRECT_OBJC_ISA_USAGE = YES_ERROR;
				CLANG_WARN_EMPTY_BODY = YES;
				CLANG_WARN_ENUM_CONVERSION = YES;
				CLANG_WARN_INT_CONVERSION = YES;
				CLANG_WARN_OBJC_ROOT_CLASS = YES_ERROR;
				CLANG_WARN__DUPLICATE_METHOD_MATCH = YES;
				"CODE_SIGN_IDENTITY[sdk=iphoneos*]" = "iPhone Developer";
				COPY_PHASE_STRIP = YES;
				ENABLE_NS_ASSERTIONS = NO;
				GCC_C_LANGUAGE_STANDARD = gnu99;
				GCC_WARN_64_TO_32_BIT_CONVERSION = YES;
				GCC_WARN_ABOUT_RETURN_TYPE = YES_ERROR;
				GCC_WARN_UNDECLARED_SELECTOR = YES;
				GCC_WARN_UNINITIALIZED_AUTOS = YES_AGGRESSIVE;
				GCC_WARN_UNUSED_FUNCTION = YES;
				GCC_WARN_UNUSED_VARIABLE = YES;
				IPHONEOS_DEPLOYMENT_TARGET = 7.1;
				SDKROOT = iphoneos;
				VALIDATE_PRODUCT = YES;
			};
			name = Release;
		};
		6616550D19AE1BD500C4CC47 /* Debug */ = {
			isa = XCBuildConfiguration;
			buildSettings = {
				ASSETCATALOG_COMPILER_APPICON_NAME = AppIcon;
				ASSETCATALOG_COMPILER_LAUNCHIMAGE_NAME = LaunchImage;
				GCC_PRECOMPILE_PREFIX_HEADER = YES;
				GCC_PREFIX_HEADER = "SuburbanWeather/SuburbanWeather-Prefix.pch";
				INFOPLIST_FILE = "SuburbanWeather/SuburbanWeather-Info.plist";
				PRODUCT_NAME = "$(TARGET_NAME)";
				WRAPPER_EXTENSION = app;
			};
			name = Debug;
		};
		6616550E19AE1BD500C4CC47 /* Release */ = {
			isa = XCBuildConfiguration;
			buildSettings = {
				ASSETCATALOG_COMPILER_APPICON_NAME = AppIcon;
				ASSETCATALOG_COMPILER_LAUNCHIMAGE_NAME = LaunchImage;
				GCC_PRECOMPILE_PREFIX_HEADER = YES;
				GCC_PREFIX_HEADER = "SuburbanWeather/SuburbanWeather-Prefix.pch";
				INFOPLIST_FILE = "SuburbanWeather/SuburbanWeather-Info.plist";
				PRODUCT_NAME = "$(TARGET_NAME)";
				WRAPPER_EXTENSION = app;
			};
			name = Release;
		};
		6616551019AE1BD500C4CC47 /* Debug */ = {
			isa = XCBuildConfiguration;
			buildSettings = {
				BUNDLE_LOADER = "$(BUILT_PRODUCTS_DIR)/SuburbanWeather.app/SuburbanWeather";
				FRAMEWORK_SEARCH_PATHS = (
					"$(SDKROOT)/Developer/Library/Frameworks",
					"$(inherited)",
					"$(DEVELOPER_FRAMEWORKS_DIR)",
				);
				GCC_PRECOMPILE_PREFIX_HEADER = YES;
				GCC_PREFIX_HEADER = "SuburbanWeather/SuburbanWeather-Prefix.pch";
				GCC_PREPROCESSOR_DEFINITIONS = (
					"DEBUG=1",
					"$(inherited)",
				);
				INFOPLIST_FILE = "SuburbanWeatherTests/SuburbanWeatherTests-Info.plist";
				PRODUCT_NAME = "$(TARGET_NAME)";
				TEST_HOST = "$(BUNDLE_LOADER)";
				WRAPPER_EXTENSION = xctest;
			};
			name = Debug;
		};
		6616551119AE1BD500C4CC47 /* Release */ = {
			isa = XCBuildConfiguration;
			buildSettings = {
				BUNDLE_LOADER = "$(BUILT_PRODUCTS_DIR)/SuburbanWeather.app/SuburbanWeather";
				FRAMEWORK_SEARCH_PATHS = (
					"$(SDKROOT)/Developer/Library/Frameworks",
					"$(inherited)",
					"$(DEVELOPER_FRAMEWORKS_DIR)",
				);
				GCC_PRECOMPILE_PREFIX_HEADER = YES;
				GCC_PREFIX_HEADER = "SuburbanWeather/SuburbanWeather-Prefix.pch";
				INFOPLIST_FILE = "SuburbanWeatherTests/SuburbanWeatherTests-Info.plist";
				PRODUCT_NAME = "$(TARGET_NAME)";
				TEST_HOST = "$(BUNDLE_LOADER)";
				WRAPPER_EXTENSION = xctest;
			};
			name = Release;
		};
/* End XCBuildConfiguration section */

/* Begin XCConfigurationList section */
		661654D219AE1BD500C4CC47 /* Build configuration list for PBXProject "SuburbanWeather" */ = {
			isa = XCConfigurationList;
			buildConfigurations = (
				6616550A19AE1BD500C4CC47 /* Debug */,
				6616550B19AE1BD500C4CC47 /* Release */,
			);
			defaultConfigurationIsVisible = 0;
			defaultConfigurationName = Release;
		};
		6616550C19AE1BD500C4CC47 /* Build configuration list for PBXNativeTarget "SuburbanWeather" */ = {
			isa = XCConfigurationList;
			buildConfigurations = (
				6616550D19AE1BD500C4CC47 /* Debug */,
				6616550E19AE1BD500C4CC47 /* Release */,
			);
			defaultConfigurationIsVisible = 0;
		};
		6616550F19AE1BD500C4CC47 /* Build configuration list for PBXNativeTarget "SuburbanWeatherTests" */ = {
			isa = XCConfigurationList;
			buildConfigurations = (
				6616551019AE1BD500C4CC47 /* Debug */,
				6616551119AE1BD500C4CC47 /* Release */,
			);
			defaultConfigurationIsVisible = 0;
		};
/* End XCConfigurationList section */
	};
	rootObject = 661654CF19AE1BD500C4CC47 /* Project object */;
}
